{
  "nodes": {
    "db_wrapper-master": {
      "inputs": {
        "flakeNimbleLib": [
          "flakeNimbleLib"
        ],
        "nixpkgs": [
          "nixpkgs"
        ],
        "src-db_wrapper-master": "src-db_wrapper-master"
      },
      "locked": {
        "dir": "master",
        "lastModified": 1667322231,
        "narHash": "sha256-p1dek/JfE1SFcaKS8sS8L3q3V6vH+30/jUcfnUkjywg=",
        "owner": "nim-nix-pkgs",
        "repo": "db_wrapper",
        "rev": "f2653db4b8f7bdf504a0b63b41e1c09f90219605",
        "type": "github"
      },
      "original": {
        "dir": "master",
        "owner": "nim-nix-pkgs",
        "ref": "master",
        "repo": "db_wrapper",
        "type": "github"
      }
    },
    "flakeNimbleLib": {
      "inputs": {
        "nixpkgs": [
          "nixpkgs"
        ]
      },
      "locked": {
        "lastModified": 1662018438,
        "narHash": "sha256-QtNtU6+LX3Wokxf0zlFwKTFOcn6TeDjKQZ+DA9OYtvM=",
        "owner": "riinr",
        "repo": "nim-flakes-lib",
        "rev": "b1fe8340736e3a85d25c709ac3dfd82a55c03cbf",
        "type": "github"
      },
      "original": {
        "owner": "riinr",
        "ref": "master",
        "repo": "nim-flakes-lib",
        "type": "github"
      }
    },
    "nixpkgs": {
      "locked": {
        "lastModified": 1667199707,
        "narHash": "sha256-I2Js3Y7gUyVSEXPULHlBoRek4Lh85vnevdS6mdvDNLI=",
        "owner": "NixOS",
        "repo": "nixpkgs",
        "rev": "ced197be72099edcfa68ebed8b87af7b04851f45",
        "type": "github"
      },
      "original": {
        "id": "nixpkgs",
        "type": "indirect"
      }
    },
    "root": {
      "inputs": {
        "db_wrapper-master": "db_wrapper-master",
        "flakeNimbleLib": "flakeNimbleLib",
        "nixpkgs": "nixpkgs"
      }
    },
    "src-db_wrapper-master": {
      "flake": false,
      "locked": {
        "lastModified": 1621926562,
        "narHash": "sha256-lc3iwAFN13f7lsKLE3JBNzYcjyN1KG9WabYwLe/+oaM=",
        "owner": "sivchari",
        "repo": "db_wrapper",
        "rev": "6700bf4c9980689e37021cff0b223af4155529fa",
        "type": "github"
      },
      "original": {
        "owner": "sivchari",
        "ref": "refs/heads/master",
        "repo": "db_wrapper",
        "type": "github"
      }
    }
  },
  "root": "root",
  "version": 7
}
